<?xml version="1.0" encoding="utf-8"?>
<Project ToolsVersion="4.0" xmlns="http://schemas.microsoft.com/developer/msbuild/2003">
  <ItemGroup>
    <Filter Include="Source Files">
      <UniqueIdentifier>{4FC737F1-C7A5-4376-A066-2A32D752A2FF}</UniqueIdentifier>
      <Extensions>cpp;c;cc;cxx;def;odl;idl;hpj;bat;asm;asmx</Extensions>
    </Filter>
    <Filter Include="Header Files">
      <UniqueIdentifier>{93995380-89BD-4b04-88EB-625FBE52EBFB}</UniqueIdentifier>
      <Extensions>h;hh;hpp;hxx;hm;inl;inc;xsd</Extensions>
    </Filter>
    <Filter Include="Resource Files">
      <UniqueIdentifier>{67DA6AB6-F800-4c08-8B7A-83BB121AAD01}</UniqueIdentifier>
      <Extensions>rc;ico;cur;bmp;dlg;rc2;rct;bin;rgs;gif;jpg;jpeg;jpe;resx;tiff;tif;png;wav;mfcribbon-ms</Extensions>
    </Filter>
    <Filter Include="Pages">
      <UniqueIdentifier>{8039693e-9c3e-4165-8785-7ddbcfaddfe1}</UniqueIdentifier>
    </Filter>
    <Filter Include="GUIElement">
      <UniqueIdentifier>{91dd9c02-2943-430f-8588-ec51e5a49d88}</UniqueIdentifier>
    </Filter>
    <Filter Include="DBTables">
      <UniqueIdentifier>{417d1c9c-4982-4d69-b7ed-268ceb549bd7}</UniqueIdentifier>
    </Filter>
  </ItemGroup>
  <ItemGroup>
    <Text Include="ReadMe.txt" />
  </ItemGroup>
  <ItemGroup>
    <ClInclude Include="LogisticsManagerDlg.h">
      <Filter>Header Files</Filter>
    </ClInclude>
    <ClInclude Include="DlgProxy.h">
      <Filter>Header Files</Filter>
    </ClInclude>
    <ClInclude Include="stdafx.h">
      <Filter>Header Files</Filter>
    </ClInclude>
    <ClInclude Include="targetver.h">
      <Filter>Header Files</Filter>
    </ClInclude>
    <ClInclude Include="Resource.h">
      <Filter>Header Files</Filter>
    </ClInclude>
    <ClInclude Include="Pages\AddOrderPage.h">
      <Filter>Pages</Filter>
    </ClInclude>
    <ClInclude Include="Pages\UserManagePage.h">
      <Filter>Pages</Filter>
    </ClInclude>
    <ClInclude Include="Pages\LoginDlg.h">
      <Filter>Pages</Filter>
    </ClInclude>
    <ClInclude Include="Pages\QueryOrderPage.h">
      <Filter>Pages</Filter>
    </ClInclude>
    <ClInclude Include="Pages\SummaryPage.h">
      <Filter>Pages</Filter>
    </ClInclude>
    <ClInclude Include="GUIElement\TableControl.h">
      <Filter>GUIElement</Filter>
    </ClInclude>
    <ClInclude Include="LogisticsManager.h">
      <Filter>Header Files</Filter>
    </ClInclude>
    <ClInclude Include="Pages\UserManageCreatePage.h">
      <Filter>Pages</Filter>
    </ClInclude>
    <ClInclude Include="DBTables\AllOrderTable.h">
      <Filter>DBTables</Filter>
    </ClInclude>
    <ClInclude Include="DBTables\CustomerTable.h">
      <Filter>DBTables</Filter>
    </ClInclude>
    <ClInclude Include="LMCommonVariable.h">
      <Filter>Header Files</Filter>
    </ClInclude>
    <ClInclude Include="Pages\EnterStorePage.h">
      <Filter>Pages</Filter>
    </ClInclude>
    <ClInclude Include="DBTables\EnterGoodsTable.h">
      <Filter>DBTables</Filter>
    </ClInclude>
  </ItemGroup>
  <ItemGroup>
    <ClCompile Include="LogisticsManager.cpp">
      <Filter>Source Files</Filter>
    </ClCompile>
    <ClCompile Include="DlgProxy.cpp">
      <Filter>Source Files</Filter>
    </ClCompile>
    <ClCompile Include="stdafx.cpp">
      <Filter>Source Files</Filter>
    </ClCompile>
    <ClCompile Include="Pages\AddOrderPage.cpp">
      <Filter>Pages</Filter>
    </ClCompile>
    <ClCompile Include="Pages\UserManagePage.cpp">
      <Filter>Pages</Filter>
    </ClCompile>
    <ClCompile Include="Pages\LoginDlg.cpp">
      <Filter>Pages</Filter>
    </ClCompile>
    <ClCompile Include="Pages\QueryOrderPage.cpp">
      <Filter>Pages</Filter>
    </ClCompile>
    <ClCompile Include="Pages\SummaryPage.cpp">
      <Filter>Pages</Filter>
    </ClCompile>
    <ClCompile Include="GUIElement\TableControl.cpp">
      <Filter>GUIElement</Filter>
    </ClCompile>
    <ClCompile Include="LogisticsManagerDlg.cpp">
      <Filter>Source Files</Filter>
    </ClCompile>
    <ClCompile Include="Pages\UserManageCreatePage.cpp">
      <Filter>Pages</Filter>
    </ClCompile>
    <ClCompile Include="DBTables\AllOrderTable.cpp">
      <Filter>DBTables</Filter>
    </ClCompile>
    <ClCompile Include="DBTables\CustomerTable.cpp">
      <Filter>DBTables</Filter>
    </ClCompile>
    <ClCompile Include="LMCommonVariable.cpp">
      <Filter>Source Files</Filter>
    </ClCompile>
    <ClCompile Include="Pages\EnterStorePage.cpp">
      <Filter>Pages</Filter>
    </ClCompile>
    <ClCompile Include="DBTables\EnterGoodsTable.cpp">
      <Filter>DBTables</Filter>
    </ClCompile>
  </ItemGroup>
  <ItemGroup>
    <Midl Include="LogisticsManager.idl">
      <Filter>Source Files</Filter>
    </Midl>
  </ItemGroup>
  <ItemGroup>
    <None Include="LogisticsManager.reg" />
    <None Include="res\LogisticsManager.rc2">
      <Filter>Resource Files</Filter>
    </None>
  </ItemGroup>
  <ItemGroup>
    <ResourceCompile Include="LogisticsManager.rc">
      <Filter>Resource Files</Filter>
    </ResourceCompile>
  </ItemGroup>
  <ItemGroup>
    <Image Include="res\LogisticsManager.ico">
      <Filter>Resource Files</Filter>
    </Image>
    <Image Include="res\icon1.ico">
      <Filter>Resource Files</Filter>
    </Image>
    <Image Include="res\User.ico">
      <Filter>Resource Files</Filter>
    </Image>
    <Image Include="res\toolbar1.bmp">
      <Filter>Resource Files</Filter>
    </Image>
    <Image Include="res\toolbar2.bmp">
      <Filter>Resource Files</Filter>
    </Image>
    <Image Include="res\toolbar3.bmp">
      <Filter>Resource Files</Filter>
    </Image>
    <Image Include="res\User.bmp">
      <Filter>Resource Files</Filter>
    </Image>
    <Image Include="res\Add.bmp">
      <Filter>Resource Files</Filter>
    </Image>
    <Image Include="res\Query.bmp">
      <Filter>Resource Files</Filter>
    </Image>
    <Image Include="res\Sum.bmp">
      <Filter>Resource Files</Filter>
    </Image>
    <Image Include="res\Query.ico">
      <Filter>Resource Files</Filter>
    </Image>
    <Image Include="res\Sum.ico">
      <Filter>Resource Files</Filter>
    </Image>
    <Image Include="res\Add.ico">
      <Filter>Resource Files</Filter>
    </Image>
    <Image Include="res\icon3.ico">
      <Filter>Resource Files</Filter>
    </Image>
    <Image Include="res\EnterGoods.ico">
      <Filter>Resource Files</Filter>
    </Image>
    <Image Include="res\icon4.ico">
      <Filter>Resource Files</Filter>
    </Image>
    <Image Include="res\Goods.ico">
      <Filter>Resource Files</Filter>
    </Image>
  </ItemGroup>
</Project>